
Microsoft Visual Studio Solution File, Format Version 12.00
# Visual Studio Version 16
VisualStudioVersion = 16.0.30413.136
MinimumVisualStudioVersion = 10.0.40219.1
Project("{FAE04EC0-301F-11D3-BF4B-00C04F79EFBC}") = "InstrumentRentApp", "InstrumentRentApp.csproj", "{4E568FB2-5755-4593-BD92-F4695163A88D}"
EndProject
Global
	GlobalSection(SolutionConfigurationPlatforms) = preSolution
		Debug|Any CPU = Debug|Any CPU
		Release|Any CPU = Release|Any CPU
	EndGlobalSection
	GlobalSection(ProjectConfigurationPlatforms) = postSolution
		{4E568FB2-5755-4593-BD92-F4695163A88D}.Debug|Any CPU.ActiveCfg = Debug|Any CPU
		{4E568FB2-5755-4593-BD92-F4695163A88D}.Debug|Any CPU.Build.0 = Debug|Any CPU
		{4E568FB2-5755-4593-BD92-F4695163A88D}.Release|Any CPU.ActiveCfg = Release|Any CPU
		{4E568FB2-5755-4593-BD92-F4695163A88D}.Release|Any CPU.Build.0 = Release|Any CPU
	EndGlobalSection
	GlobalSection(SolutionProperties) = preSolution
		HideSolutionNode = FALSE
	EndGlobalSection
	GlobalSection(ExtensibilityGlobals) = postSolution
		SolutionGuid = {C6E77EBD-E78E-4C80-BAF9-423EFE596193}
	EndGlobalSection
EndGlobal
